
Microsoft Visual Studio Solution File, Format Version 12.00
# Visual Studio Version 17
VisualStudioVersion = 17.8.34322.80
MinimumVisualStudioVersion = 10.0.40219.1
Project("{FAE04EC0-301F-11D3-BF4B-00C04F79EFBC}") = "ConsoleApp", "ConsoleApp.csproj", "{916B3DC4-3B67-48CF-8F61-C2EAFD370EC0}"
EndProject
Global
	GlobalSection(SolutionConfigurationPlatforms) = preSolution
		Debug|Any CPU = Debug|Any CPU
		Release|Any CPU = Release|Any CPU
	EndGlobalSection
	GlobalSection(ProjectConfigurationPlatforms) = postSolution
		{916B3DC4-3B67-48CF-8F61-C2EAFD370EC0}.Debug|Any CPU.ActiveCfg = Debug|Any CPU
		{916B3DC4-3B67-48CF-8F61-C2EAFD370EC0}.Debug|Any CPU.Build.0 = Debug|Any CPU
		{916B3DC4-3B67-48CF-8F61-C2EAFD370EC0}.Release|Any CPU.ActiveCfg = Release|Any CPU
		{916B3DC4-3B67-48CF-8F61-C2EAFD370EC0}.Release|Any CPU.Build.0 = Release|Any CPU
	EndGlobalSection
	GlobalSection(SolutionProperties) = preSolution
		HideSolutionNode = FALSE
	EndGlobalSection
	GlobalSection(ExtensibilityGlobals) = postSolution
		SolutionGuid = {F9BE8809-A999-4469-8CAD-BE4316FE4545}
	EndGlobalSection
EndGlobal
